
Microsoft Visual Studio Solution File, Format Version 12.00
# Visual Studio Version 17
VisualStudioVersion = 17.9.34622.214
MinimumVisualStudioVersion = 10.0.40219.1
Project("{2150E333-8FDC-42A3-9474-1A3956D46DE8}") = "_db", "_db", "{A692B8F9-A669-476B-98F2-C191824AA9A2}"
EndProject
Project("{2150E333-8FDC-42A3-9474-1A3956D46DE8}") = "10 - abstractions", "10 - abstractions", "{F6C5F508-709E-4880-BF62-5BB719F13859}"
EndProject
Project("{2150E333-8FDC-42A3-9474-1A3956D46DE8}") = "20 - data access", "20 - data access", "{56F043C4-1825-4C9A-9C3D-67B7DCC002E4}"
EndProject
Project("{2150E333-8FDC-42A3-9474-1A3956D46DE8}") = "30 - business logic", "30 - business logic", "{548E263F-E331-4784-8BDF-DD75F59A3FDC}"
EndProject
Project("{2150E333-8FDC-42A3-9474-1A3956D46DE8}") = "40 - bootstrapper", "40 - bootstrapper", "{06C6CBB8-8560-4633-AF54-494FCAB82AFF}"
EndProject
Project("{2150E333-8FDC-42A3-9474-1A3956D46DE8}") = "50 - web", "50 - web", "{4E76BF39-3754-40CD-BE03-AFC2BF04961C}"
EndProject
Project("{2150E333-8FDC-42A3-9474-1A3956D46DE8}") = "60 - tests", "60 - tests", "{B3305F53-9A50-4E74-A0A9-22249F6E02BB}"
EndProject
Project("{00D1A9C2-B5F0-4AF3-8072-F6C62B433612}") = "CP.Database", "src\CP.Database\CP.Database.sqlproj", "{78769878-2668-4447-8640-C9B3CA404C65}"
EndProject
Project("{9A19103F-16F7-4668-BE54-9A1E7A4F7556}") = "CP.Abstractions", "src\CP.Abstractions\CP.Abstractions.csproj", "{058E4F83-C2CE-4F7D-B0F2-EBCA70A3E967}"
EndProject
Project("{9A19103F-16F7-4668-BE54-9A1E7A4F7556}") = "CP.Api.Web", "src\CP.Api.Web\CP.Api.Web.csproj", "{9C419A24-B927-4941-AFCC-FD983BBE439A}"
EndProject
Project("{9A19103F-16F7-4668-BE54-9A1E7A4F7556}") = "CP.Data.Sql", "src\CP.Data.Sql\CP.Data.Sql.csproj", "{9417E63E-2675-41F4-83C6-E71EFE6AF730}"
EndProject
Project("{9A19103F-16F7-4668-BE54-9A1E7A4F7556}") = "CP.Data.Mock", "src\CP.Data.Mock\CP.Data.Mock.csproj", "{8EA125BA-B03C-472C-B788-0CDD61027675}"
EndProject
Project("{9A19103F-16F7-4668-BE54-9A1E7A4F7556}") = "CP.Bootstrapper", "src\CP.Bootstrapper\CP.Bootstrapper.csproj", "{31099F58-75DB-40F2-8D83-F65CBF411600}"
EndProject
Project("{9A19103F-16F7-4668-BE54-9A1E7A4F7556}") = "CP.Business", "src\CP.Business\CP.Business.csproj", "{0AF3B594-BF17-42FB-89AA-AAB5090574DC}"
EndProject
Project("{9A19103F-16F7-4668-BE54-9A1E7A4F7556}") = "CP.Mappers", "src\CP.Mapper\CP.Mappers.csproj", "{24562BAA-318B-4B30-94BF-0936A070EFEC}"
EndProject
Project("{9A19103F-16F7-4668-BE54-9A1E7A4F7556}") = "CP.Business.Unit.Tests", "tests\CP.Business.Unit.Tests\CP.Business.Unit.Tests.csproj", "{B1AFFAF7-1634-4F2A-87EF-5E2EA7FFBCA1}"
EndProject
Global
	GlobalSection(SolutionConfigurationPlatforms) = preSolution
		Debug|Any CPU = Debug|Any CPU
		Release|Any CPU = Release|Any CPU
	EndGlobalSection
	GlobalSection(ProjectConfigurationPlatforms) = postSolution
		{78769878-2668-4447-8640-C9B3CA404C65}.Debug|Any CPU.ActiveCfg = Debug|Any CPU
		{78769878-2668-4447-8640-C9B3CA404C65}.Debug|Any CPU.Build.0 = Debug|Any CPU
		{78769878-2668-4447-8640-C9B3CA404C65}.Debug|Any CPU.Deploy.0 = Debug|Any CPU
		{78769878-2668-4447-8640-C9B3CA404C65}.Release|Any CPU.ActiveCfg = Release|Any CPU
		{78769878-2668-4447-8640-C9B3CA404C65}.Release|Any CPU.Build.0 = Release|Any CPU
		{78769878-2668-4447-8640-C9B3CA404C65}.Release|Any CPU.Deploy.0 = Release|Any CPU
		{058E4F83-C2CE-4F7D-B0F2-EBCA70A3E967}.Debug|Any CPU.ActiveCfg = Debug|Any CPU
		{058E4F83-C2CE-4F7D-B0F2-EBCA70A3E967}.Debug|Any CPU.Build.0 = Debug|Any CPU
		{058E4F83-C2CE-4F7D-B0F2-EBCA70A3E967}.Release|Any CPU.ActiveCfg = Release|Any CPU
		{058E4F83-C2CE-4F7D-B0F2-EBCA70A3E967}.Release|Any CPU.Build.0 = Release|Any CPU
		{9C419A24-B927-4941-AFCC-FD983BBE439A}.Debug|Any CPU.ActiveCfg = Debug|Any CPU
		{9C419A24-B927-4941-AFCC-FD983BBE439A}.Debug|Any CPU.Build.0 = Debug|Any CPU
		{9C419A24-B927-4941-AFCC-FD983BBE439A}.Release|Any CPU.ActiveCfg = Release|Any CPU
		{9C419A24-B927-4941-AFCC-FD983BBE439A}.Release|Any CPU.Build.0 = Release|Any CPU
		{9417E63E-2675-41F4-83C6-E71EFE6AF730}.Debug|Any CPU.ActiveCfg = Debug|Any CPU
		{9417E63E-2675-41F4-83C6-E71EFE6AF730}.Debug|Any CPU.Build.0 = Debug|Any CPU
		{9417E63E-2675-41F4-83C6-E71EFE6AF730}.Release|Any CPU.ActiveCfg = Release|Any CPU
		{9417E63E-2675-41F4-83C6-E71EFE6AF730}.Release|Any CPU.Build.0 = Release|Any CPU
		{8EA125BA-B03C-472C-B788-0CDD61027675}.Debug|Any CPU.ActiveCfg = Debug|Any CPU
		{8EA125BA-B03C-472C-B788-0CDD61027675}.Debug|Any CPU.Build.0 = Debug|Any CPU
		{8EA125BA-B03C-472C-B788-0CDD61027675}.Release|Any CPU.ActiveCfg = Release|Any CPU
		{8EA125BA-B03C-472C-B788-0CDD61027675}.Release|Any CPU.Build.0 = Release|Any CPU
		{31099F58-75DB-40F2-8D83-F65CBF411600}.Debug|Any CPU.ActiveCfg = Debug|Any CPU
		{31099F58-75DB-40F2-8D83-F65CBF411600}.Debug|Any CPU.Build.0 = Debug|Any CPU
		{31099F58-75DB-40F2-8D83-F65CBF411600}.Release|Any CPU.ActiveCfg = Release|Any CPU
		{31099F58-75DB-40F2-8D83-F65CBF411600}.Release|Any CPU.Build.0 = Release|Any CPU
		{0AF3B594-BF17-42FB-89AA-AAB5090574DC}.Debug|Any CPU.ActiveCfg = Debug|Any CPU
		{0AF3B594-BF17-42FB-89AA-AAB5090574DC}.Debug|Any CPU.Build.0 = Debug|Any CPU
		{0AF3B594-BF17-42FB-89AA-AAB5090574DC}.Release|Any CPU.ActiveCfg = Release|Any CPU
		{0AF3B594-BF17-42FB-89AA-AAB5090574DC}.Release|Any CPU.Build.0 = Release|Any CPU
		{24562BAA-318B-4B30-94BF-0936A070EFEC}.Debug|Any CPU.ActiveCfg = Debug|Any CPU
		{24562BAA-318B-4B30-94BF-0936A070EFEC}.Debug|Any CPU.Build.0 = Debug|Any CPU
		{24562BAA-318B-4B30-94BF-0936A070EFEC}.Release|Any CPU.ActiveCfg = Release|Any CPU
		{24562BAA-318B-4B30-94BF-0936A070EFEC}.Release|Any CPU.Build.0 = Release|Any CPU
		{B1AFFAF7-1634-4F2A-87EF-5E2EA7FFBCA1}.Debug|Any CPU.ActiveCfg = Debug|Any CPU
		{B1AFFAF7-1634-4F2A-87EF-5E2EA7FFBCA1}.Debug|Any CPU.Build.0 = Debug|Any CPU
		{B1AFFAF7-1634-4F2A-87EF-5E2EA7FFBCA1}.Release|Any CPU.ActiveCfg = Release|Any CPU
		{B1AFFAF7-1634-4F2A-87EF-5E2EA7FFBCA1}.Release|Any CPU.Build.0 = Release|Any CPU
	EndGlobalSection
	GlobalSection(SolutionProperties) = preSolution
		HideSolutionNode = FALSE
	EndGlobalSection
	GlobalSection(NestedProjects) = preSolution
		{78769878-2668-4447-8640-C9B3CA404C65} = {A692B8F9-A669-476B-98F2-C191824AA9A2}
		{058E4F83-C2CE-4F7D-B0F2-EBCA70A3E967} = {F6C5F508-709E-4880-BF62-5BB719F13859}
		{9C419A24-B927-4941-AFCC-FD983BBE439A} = {4E76BF39-3754-40CD-BE03-AFC2BF04961C}
		{9417E63E-2675-41F4-83C6-E71EFE6AF730} = {56F043C4-1825-4C9A-9C3D-67B7DCC002E4}
		{8EA125BA-B03C-472C-B788-0CDD61027675} = {56F043C4-1825-4C9A-9C3D-67B7DCC002E4}
		{31099F58-75DB-40F2-8D83-F65CBF411600} = {06C6CBB8-8560-4633-AF54-494FCAB82AFF}
		{0AF3B594-BF17-42FB-89AA-AAB5090574DC} = {548E263F-E331-4784-8BDF-DD75F59A3FDC}
		{24562BAA-318B-4B30-94BF-0936A070EFEC} = {F6C5F508-709E-4880-BF62-5BB719F13859}
		{B1AFFAF7-1634-4F2A-87EF-5E2EA7FFBCA1} = {B3305F53-9A50-4E74-A0A9-22249F6E02BB}
	EndGlobalSection
	GlobalSection(ExtensibilityGlobals) = postSolution
		SolutionGuid = {5E330AD9-D365-4E05-85D9-033CE773EB96}
	EndGlobalSection
EndGlobal
